{
  "version": 4,
  "terraform_version": "1.5.7",
  "serial": 23,
  "lineage": "80bffd39-73a5-36b0-dc73-f34928261187",
  "outputs": {
    "hello-world": {
      "value": "Hello World",
      "type": "string"
    },
    "public_url": {
      "value": "https://10.0.101.241:8080/index.html",
      "type": "string"
    },
    "vpc_id": {
      "value": "vpc-0920e64faca3f317d",
      "type": "string"
    },
    "vpc_information": {
      "value": "Your demo_environment VPC has an ID of vpc-0920e64faca3f317d",
      "type": "string"
    }
  },
  "resources": [
    {
      "mode": "data",
      "type": "aws_ami",
      "name": "ubuntu",
      "provider": "provider[\"registry.terraform.io/hashicorp/aws\"]",
      "instances": [
        {
          "schema_version": 0,
          "attributes": {
            "architecture": "x86_64",
            "arn": "arn:aws:ec2:us-east-1::image/ami-0fe0238291c8e3f07",
            "block_device_mappings": [
              {
                "device_name": "/dev/sda1",
                "ebs": {
                  "delete_on_termination": "true",
                  "encrypted": "false",
                  "iops": "0",
                  "snapshot_id": "snap-0a7d84f0fd7eff0c2",
                  "throughput": "0",
                  "volume_size": "8",
                  "volume_type": "gp2"
                },
                "no_device": "",
                "virtual_name": ""
              },
              {
                "device_name": "/dev/sdb",
                "ebs": {},
                "no_device": "",
                "virtual_name": "ephemeral0"
              },
              {
                "device_name": "/dev/sdc",
                "ebs": {},
                "no_device": "",
                "virtual_name": "ephemeral1"
              }
            ],
            "boot_mode": "legacy-bios",
            "creation_date": "2023-09-19T04:17:15.000Z",
            "deprecation_time": "2025-09-19T04:17:15.000Z",
            "description": "Canonical, Ubuntu, 20.04 LTS, amd64 focal image build on 2023-09-18",
            "ena_support": true,
            "executable_users": null,
            "filter": [
              {
                "name": "name",
                "values": [
                  "ubuntu/images/hvm-ssd/ubuntu-focal-20.04-amd64-server-*"
                ]
              },
              {
                "name": "virtualization-type",
                "values": [
                  "hvm"
                ]
              }
            ],
            "hypervisor": "xen",
            "id": "ami-0fe0238291c8e3f07",
            "image_id": "ami-0fe0238291c8e3f07",
            "image_location": "amazon/ubuntu/images/hvm-ssd/ubuntu-focal-20.04-amd64-server-20230918",
            "image_owner_alias": "amazon",
            "image_type": "machine",
            "imds_support": "",
            "include_deprecated": false,
            "kernel_id": "",
            "most_recent": true,
            "name": "ubuntu/images/hvm-ssd/ubuntu-focal-20.04-amd64-server-20230918",
            "name_regex": null,
            "owner_id": "099720109477",
            "owners": [
              "099720109477"
            ],
            "platform": "",
            "platform_details": "Linux/UNIX",
            "product_codes": [],
            "public": true,
            "ramdisk_id": "",
            "root_device_name": "/dev/sda1",
            "root_device_type": "ebs",
            "root_snapshot_id": "snap-0a7d84f0fd7eff0c2",
            "sriov_net_support": "simple",
            "state": "available",
            "state_reason": {
              "code": "UNSET",
              "message": "UNSET"
            },
            "tags": {},
            "timeouts": null,
            "tpm_support": "",
            "usage_operation": "RunInstances",
            "virtualization_type": "hvm"
          },
          "sensitive_attributes": []
        }
      ]
    },
    {
      "mode": "data",
      "type": "aws_availability_zones",
      "name": "available",
      "provider": "provider[\"registry.terraform.io/hashicorp/aws\"]",
      "instances": [
        {
          "schema_version": 0,
          "attributes": {
            "all_availability_zones": null,
            "exclude_names": null,
            "exclude_zone_ids": null,
            "filter": null,
            "group_names": [
              "us-east-1"
            ],
            "id": "us-east-1",
            "names": [
              "us-east-1a",
              "us-east-1b",
              "us-east-1c",
              "us-east-1d",
              "us-east-1e",
              "us-east-1f"
            ],
            "state": null,
            "timeouts": null,
            "zone_ids": [
              "use1-az4",
              "use1-az6",
              "use1-az1",
              "use1-az2",
              "use1-az3",
              "use1-az5"
            ]
          },
          "sensitive_attributes": []
        }
      ]
    },
    {
      "mode": "data",
      "type": "aws_region",
      "name": "current",
      "provider": "provider[\"registry.terraform.io/hashicorp/aws\"]",
      "instances": [
        {
          "schema_version": 0,
          "attributes": {
            "description": "US East (N. Virginia)",
            "endpoint": "ec2.us-east-1.amazonaws.com",
            "id": "us-east-1",
            "name": "us-east-1"
          },
          "sensitive_attributes": []
        }
      ]
    },
    {
      "mode": "managed",
      "type": "aws_eip",
      "name": "nat_gateway_eip",
      "provider": "provider[\"registry.terraform.io/hashicorp/aws\"]",
      "instances": [
        {
          "schema_version": 0,
          "attributes": {
            "address": null,
            "allocation_id": "eipalloc-06608176e944e54bf",
            "associate_with_private_ip": null,
            "association_id": "",
            "carrier_ip": "",
            "customer_owned_ip": "",
            "customer_owned_ipv4_pool": "",
            "domain": "vpc",
            "id": "eipalloc-06608176e944e54bf",
            "instance": "",
            "network_border_group": "us-east-1",
            "network_interface": "",
            "private_dns": null,
            "private_ip": "",
            "public_dns": "ec2-52-87-35-177.compute-1.amazonaws.com",
            "public_ip": "52.87.35.177",
            "public_ipv4_pool": "amazon",
            "tags": {
              "Name": "demo_igw_eip"
            },
            "tags_all": {
              "Name": "demo_igw_eip"
            },
            "timeouts": null,
            "vpc": true
          },
          "sensitive_attributes": [],
          "private": "eyJlMmJmYjczMC1lY2FhLTExZTYtOGY4OC0zNDM2M2JjN2M0YzAiOnsiZGVsZXRlIjoxODAwMDAwMDAwMDAsInJlYWQiOjkwMDAwMDAwMDAwMCwidXBkYXRlIjozMDAwMDAwMDAwMDB9fQ==",
          "dependencies": [
            "aws_internet_gateway.internet_gateway",
            "aws_vpc.vpc"
          ]
        }
      ]
    },
    {
      "mode": "managed",
      "type": "aws_instance",
      "name": "web_server",
      "provider": "provider[\"registry.terraform.io/hashicorp/aws\"]",
      "instances": [
        {
          "schema_version": 1,
          "attributes": {
            "ami": "ami-0fe0238291c8e3f07",
            "arn": "arn:aws:ec2:us-east-1:332545703606:instance/i-0a83928aefd00f779",
            "associate_public_ip_address": true,
            "availability_zone": "us-east-1b",
            "capacity_reservation_specification": [
              {
                "capacity_reservation_preference": "open",
                "capacity_reservation_target": []
              }
            ],
            "cpu_core_count": 1,
            "cpu_options": [
              {
                "amd_sev_snp": "",
                "core_count": 1,
                "threads_per_core": 1
              }
            ],
            "cpu_threads_per_core": 1,
            "credit_specification": [
              {
                "cpu_credits": "standard"
              }
            ],
            "disable_api_stop": false,
            "disable_api_termination": false,
            "ebs_block_device": [],
            "ebs_optimized": false,
            "enclave_options": [
              {
                "enabled": false
              }
            ],
            "ephemeral_block_device": [],
            "get_password_data": false,
            "hibernation": false,
            "host_id": "",
            "host_resource_group_arn": null,
            "iam_instance_profile": "",
            "id": "i-0a83928aefd00f779",
            "instance_initiated_shutdown_behavior": "stop",
            "instance_lifecycle": "",
            "instance_market_options": [],
            "instance_state": "running",
            "instance_type": "t2.micro",
            "ipv6_address_count": 0,
            "ipv6_addresses": [],
            "key_name": "",
            "launch_template": [],
            "maintenance_options": [
              {
                "auto_recovery": "default"
              }
            ],
            "metadata_options": [
              {
                "http_endpoint": "enabled",
                "http_protocol_ipv6": "disabled",
                "http_put_response_hop_limit": 1,
                "http_tokens": "optional",
                "instance_metadata_tags": "disabled"
              }
            ],
            "monitoring": false,
            "network_interface": [],
            "outpost_arn": "",
            "password_data": "",
            "placement_group": "",
            "placement_partition_number": 0,
            "primary_network_interface_id": "eni-09a61e2d42c77a242",
            "private_dns": "ip-10-0-101-241.ec2.internal",
            "private_dns_name_options": [
              {
                "enable_resource_name_dns_a_record": false,
                "enable_resource_name_dns_aaaa_record": false,
                "hostname_type": "ip-name"
              }
            ],
            "private_ip": "10.0.101.241",
            "public_dns": "",
            "public_ip": "54.160.194.19",
            "root_block_device": [
              {
                "delete_on_termination": true,
                "device_name": "/dev/sda1",
                "encrypted": false,
                "iops": 100,
                "kms_key_id": "",
                "tags": {},
                "throughput": 0,
                "volume_id": "vol-08c47217283f1186e",
                "volume_size": 8,
                "volume_type": "gp2"
              }
            ],
            "secondary_private_ips": [],
            "security_groups": [],
            "source_dest_check": true,
            "spot_instance_request_id": "",
            "subnet_id": "subnet-07d89d3562802c762",
            "tags": {
              "Name": "Web EC2 Server"
            },
            "tags_all": {
              "Name": "Web EC2 Server"
            },
            "tenancy": "default",
            "timeouts": null,
            "user_data": null,
            "user_data_base64": null,
            "user_data_replace_on_change": false,
            "volume_tags": null,
            "vpc_security_group_ids": [
              "sg-0e361cc77a1e111d0"
            ]
          },
          "sensitive_attributes": [],
          "private": "eyJlMmJmYjczMC1lY2FhLTExZTYtOGY4OC0zNDM2M2JjN2M0YzAiOnsiY3JlYXRlIjo2MDAwMDAwMDAwMDAsImRlbGV0ZSI6MTIwMDAwMDAwMDAwMCwidXBkYXRlIjo2MDAwMDAwMDAwMDB9LCJzY2hlbWFfdmVyc2lvbiI6IjEifQ==",
          "dependencies": [
            "aws_subnet.public_subnets",
            "aws_vpc.vpc",
            "data.aws_ami.ubuntu",
            "data.aws_availability_zones.available"
          ]
        }
      ]
    },
    {
      "mode": "managed",
      "type": "aws_internet_gateway",
      "name": "internet_gateway",
      "provider": "provider[\"registry.terraform.io/hashicorp/aws\"]",
      "instances": [
        {
          "schema_version": 0,
          "attributes": {
            "arn": "arn:aws:ec2:us-east-1:332545703606:internet-gateway/igw-04e9ffeface86518c",
            "id": "igw-04e9ffeface86518c",
            "owner_id": "332545703606",
            "tags": {
              "Name": "demo_igw"
            },
            "tags_all": {
              "Name": "demo_igw"
            },
            "timeouts": null,
            "vpc_id": "vpc-0920e64faca3f317d"
          },
          "sensitive_attributes": [],
          "private": "eyJlMmJmYjczMC1lY2FhLTExZTYtOGY4OC0zNDM2M2JjN2M0YzAiOnsiY3JlYXRlIjoxMjAwMDAwMDAwMDAwLCJkZWxldGUiOjEyMDAwMDAwMDAwMDAsInVwZGF0ZSI6MTIwMDAwMDAwMDAwMH19",
          "dependencies": [
            "aws_vpc.vpc"
          ]
        }
      ]
    },
    {
      "mode": "managed",
      "type": "aws_nat_gateway",
      "name": "nat_gateway",
      "provider": "provider[\"registry.terraform.io/hashicorp/aws\"]",
      "instances": [
        {
          "schema_version": 0,
          "attributes": {
            "allocation_id": "eipalloc-06608176e944e54bf",
            "association_id": "eipassoc-05be421ccaefa8251",
            "connectivity_type": "public",
            "id": "nat-0bdebab373a52943d",
            "network_interface_id": "eni-002342680f8c4a490",
            "private_ip": "10.0.101.120",
            "public_ip": "52.87.35.177",
            "secondary_allocation_ids": null,
            "secondary_private_ip_address_count": 0,
            "secondary_private_ip_addresses": [],
            "subnet_id": "subnet-07d89d3562802c762",
            "tags": {
              "Name": "demo_nat_gateway"
            },
            "tags_all": {
              "Name": "demo_nat_gateway"
            },
            "timeouts": null
          },
          "sensitive_attributes": [],
          "private": "eyJlMmJmYjczMC1lY2FhLTExZTYtOGY4OC0zNDM2M2JjN2M0YzAiOnsiY3JlYXRlIjo2MDAwMDAwMDAwMDAsImRlbGV0ZSI6MTgwMDAwMDAwMDAwMCwidXBkYXRlIjo2MDAwMDAwMDAwMDB9fQ==",
          "dependencies": [
            "aws_eip.nat_gateway_eip",
            "aws_internet_gateway.internet_gateway",
            "aws_subnet.public_subnets",
            "aws_vpc.vpc",
            "data.aws_availability_zones.available"
          ]
        }
      ]
    },
    {
      "mode": "managed",
      "type": "aws_route_table",
      "name": "private_route_table",
      "provider": "provider[\"registry.terraform.io/hashicorp/aws\"]",
      "instances": [
        {
          "schema_version": 0,
          "attributes": {
            "arn": "arn:aws:ec2:us-east-1:332545703606:route-table/rtb-0c24ac47a33e9bd5c",
            "id": "rtb-0c24ac47a33e9bd5c",
            "owner_id": "332545703606",
            "propagating_vgws": [],
            "route": [
              {
                "carrier_gateway_id": "",
                "cidr_block": "0.0.0.0/0",
                "core_network_arn": "",
                "destination_prefix_list_id": "",
                "egress_only_gateway_id": "",
                "gateway_id": "",
                "ipv6_cidr_block": "",
                "local_gateway_id": "",
                "nat_gateway_id": "nat-0bdebab373a52943d",
                "network_interface_id": "",
                "transit_gateway_id": "",
                "vpc_endpoint_id": "",
                "vpc_peering_connection_id": ""
              }
            ],
            "tags": {
              "Name": "demo_private_rtb",
              "Terraform": "true"
            },
            "tags_all": {
              "Name": "demo_private_rtb",
              "Terraform": "true"
            },
            "timeouts": null,
            "vpc_id": "vpc-0920e64faca3f317d"
          },
          "sensitive_attributes": [],
          "private": "eyJlMmJmYjczMC1lY2FhLTExZTYtOGY4OC0zNDM2M2JjN2M0YzAiOnsiY3JlYXRlIjozMDAwMDAwMDAwMDAsImRlbGV0ZSI6MzAwMDAwMDAwMDAwLCJ1cGRhdGUiOjEyMDAwMDAwMDAwMH19",
          "dependencies": [
            "aws_eip.nat_gateway_eip",
            "aws_internet_gateway.internet_gateway",
            "aws_nat_gateway.nat_gateway",
            "aws_subnet.public_subnets",
            "aws_vpc.vpc",
            "data.aws_availability_zones.available"
          ]
        }
      ]
    },
    {
      "mode": "managed",
      "type": "aws_route_table",
      "name": "public_route_table",
      "provider": "provider[\"registry.terraform.io/hashicorp/aws\"]",
      "instances": [
        {
          "schema_version": 0,
          "attributes": {
            "arn": "arn:aws:ec2:us-east-1:332545703606:route-table/rtb-0b45d4598f4410fd8",
            "id": "rtb-0b45d4598f4410fd8",
            "owner_id": "332545703606",
            "propagating_vgws": [],
            "route": [
              {
                "carrier_gateway_id": "",
                "cidr_block": "0.0.0.0/0",
                "core_network_arn": "",
                "destination_prefix_list_id": "",
                "egress_only_gateway_id": "",
                "gateway_id": "igw-04e9ffeface86518c",
                "ipv6_cidr_block": "",
                "local_gateway_id": "",
                "nat_gateway_id": "",
                "network_interface_id": "",
                "transit_gateway_id": "",
                "vpc_endpoint_id": "",
                "vpc_peering_connection_id": ""
              }
            ],
            "tags": {
              "Name": "demo_public_rtb",
              "Terraform": "true"
            },
            "tags_all": {
              "Name": "demo_public_rtb",
              "Terraform": "true"
            },
            "timeouts": null,
            "vpc_id": "vpc-0920e64faca3f317d"
          },
          "sensitive_attributes": [],
          "private": "eyJlMmJmYjczMC1lY2FhLTExZTYtOGY4OC0zNDM2M2JjN2M0YzAiOnsiY3JlYXRlIjozMDAwMDAwMDAwMDAsImRlbGV0ZSI6MzAwMDAwMDAwMDAwLCJ1cGRhdGUiOjEyMDAwMDAwMDAwMH19",
          "dependencies": [
            "aws_internet_gateway.internet_gateway",
            "aws_vpc.vpc"
          ]
        }
      ]
    },
    {
      "mode": "managed",
      "type": "aws_route_table_association",
      "name": "private",
      "provider": "provider[\"registry.terraform.io/hashicorp/aws\"]",
      "instances": [
        {
          "index_key": "private_subnet_1",
          "schema_version": 0,
          "attributes": {
            "gateway_id": "",
            "id": "rtbassoc-063b860c39b773709",
            "route_table_id": "rtb-0c24ac47a33e9bd5c",
            "subnet_id": "subnet-0fe65994ef7cb7208",
            "timeouts": null
          },
          "sensitive_attributes": [],
          "private": "eyJlMmJmYjczMC1lY2FhLTExZTYtOGY4OC0zNDM2M2JjN2M0YzAiOnsiY3JlYXRlIjozMDAwMDAwMDAwMDAsImRlbGV0ZSI6MzAwMDAwMDAwMDAwLCJ1cGRhdGUiOjEyMDAwMDAwMDAwMH19",
          "dependencies": [
            "aws_eip.nat_gateway_eip",
            "aws_internet_gateway.internet_gateway",
            "aws_nat_gateway.nat_gateway",
            "aws_route_table.private_route_table",
            "aws_subnet.private_subnets",
            "aws_subnet.public_subnets",
            "aws_vpc.vpc",
            "data.aws_availability_zones.available"
          ]
        },
        {
          "index_key": "private_subnet_2",
          "schema_version": 0,
          "attributes": {
            "gateway_id": "",
            "id": "rtbassoc-0600d982b0b1b5590",
            "route_table_id": "rtb-0c24ac47a33e9bd5c",
            "subnet_id": "subnet-035d8a0fed48058a8",
            "timeouts": null
          },
          "sensitive_attributes": [],
          "private": "eyJlMmJmYjczMC1lY2FhLTExZTYtOGY4OC0zNDM2M2JjN2M0YzAiOnsiY3JlYXRlIjozMDAwMDAwMDAwMDAsImRlbGV0ZSI6MzAwMDAwMDAwMDAwLCJ1cGRhdGUiOjEyMDAwMDAwMDAwMH19",
          "dependencies": [
            "aws_eip.nat_gateway_eip",
            "aws_internet_gateway.internet_gateway",
            "aws_nat_gateway.nat_gateway",
            "aws_route_table.private_route_table",
            "aws_subnet.private_subnets",
            "aws_subnet.public_subnets",
            "aws_vpc.vpc",
            "data.aws_availability_zones.available"
          ]
        },
        {
          "index_key": "private_subnet_3",
          "schema_version": 0,
          "attributes": {
            "gateway_id": "",
            "id": "rtbassoc-0902d4dc6a5497a8c",
            "route_table_id": "rtb-0c24ac47a33e9bd5c",
            "subnet_id": "subnet-095238058ef2d4527",
            "timeouts": null
          },
          "sensitive_attributes": [],
          "private": "eyJlMmJmYjczMC1lY2FhLTExZTYtOGY4OC0zNDM2M2JjN2M0YzAiOnsiY3JlYXRlIjozMDAwMDAwMDAwMDAsImRlbGV0ZSI6MzAwMDAwMDAwMDAwLCJ1cGRhdGUiOjEyMDAwMDAwMDAwMH19",
          "dependencies": [
            "aws_eip.nat_gateway_eip",
            "aws_internet_gateway.internet_gateway",
            "aws_nat_gateway.nat_gateway",
            "aws_route_table.private_route_table",
            "aws_subnet.private_subnets",
            "aws_subnet.public_subnets",
            "aws_vpc.vpc",
            "data.aws_availability_zones.available"
          ]
        }
      ]
    },
    {
      "mode": "managed",
      "type": "aws_route_table_association",
      "name": "public",
      "provider": "provider[\"registry.terraform.io/hashicorp/aws\"]",
      "instances": [
        {
          "index_key": "public_subnet_1",
          "schema_version": 0,
          "attributes": {
            "gateway_id": "",
            "id": "rtbassoc-0337cfb0cf4b8e904",
            "route_table_id": "rtb-0b45d4598f4410fd8",
            "subnet_id": "subnet-07d89d3562802c762",
            "timeouts": null
          },
          "sensitive_attributes": [],
          "private": "eyJlMmJmYjczMC1lY2FhLTExZTYtOGY4OC0zNDM2M2JjN2M0YzAiOnsiY3JlYXRlIjozMDAwMDAwMDAwMDAsImRlbGV0ZSI6MzAwMDAwMDAwMDAwLCJ1cGRhdGUiOjEyMDAwMDAwMDAwMH19",
          "dependencies": [
            "aws_internet_gateway.internet_gateway",
            "aws_route_table.public_route_table",
            "aws_subnet.public_subnets",
            "aws_vpc.vpc",
            "data.aws_availability_zones.available"
          ]
        },
        {
          "index_key": "public_subnet_2",
          "schema_version": 0,
          "attributes": {
            "gateway_id": "",
            "id": "rtbassoc-08bd3f2cfb1c08c2e",
            "route_table_id": "rtb-0b45d4598f4410fd8",
            "subnet_id": "subnet-0e61359b1ba407cf1",
            "timeouts": null
          },
          "sensitive_attributes": [],
          "private": "eyJlMmJmYjczMC1lY2FhLTExZTYtOGY4OC0zNDM2M2JjN2M0YzAiOnsiY3JlYXRlIjozMDAwMDAwMDAwMDAsImRlbGV0ZSI6MzAwMDAwMDAwMDAwLCJ1cGRhdGUiOjEyMDAwMDAwMDAwMH19",
          "dependencies": [
            "aws_internet_gateway.internet_gateway",
            "aws_route_table.public_route_table",
            "aws_subnet.public_subnets",
            "aws_vpc.vpc",
            "data.aws_availability_zones.available"
          ]
        },
        {
          "index_key": "public_subnet_3",
          "schema_version": 0,
          "attributes": {
            "gateway_id": "",
            "id": "rtbassoc-01dba2459307db0a1",
            "route_table_id": "rtb-0b45d4598f4410fd8",
            "subnet_id": "subnet-01adb9c7e239bcbd6",
            "timeouts": null
          },
          "sensitive_attributes": [],
          "private": "eyJlMmJmYjczMC1lY2FhLTExZTYtOGY4OC0zNDM2M2JjN2M0YzAiOnsiY3JlYXRlIjozMDAwMDAwMDAwMDAsImRlbGV0ZSI6MzAwMDAwMDAwMDAwLCJ1cGRhdGUiOjEyMDAwMDAwMDAwMH19",
          "dependencies": [
            "aws_internet_gateway.internet_gateway",
            "aws_route_table.public_route_table",
            "aws_subnet.public_subnets",
            "aws_vpc.vpc",
            "data.aws_availability_zones.available"
          ]
        }
      ]
    },
    {
      "mode": "managed",
      "type": "aws_subnet",
      "name": "private_subnets",
      "provider": "provider[\"registry.terraform.io/hashicorp/aws\"]",
      "instances": [
        {
          "index_key": "private_subnet_1",
          "schema_version": 1,
          "attributes": {
            "arn": "arn:aws:ec2:us-east-1:332545703606:subnet/subnet-0fe65994ef7cb7208",
            "assign_ipv6_address_on_creation": false,
            "availability_zone": "us-east-1b",
            "availability_zone_id": "use1-az6",
            "cidr_block": "10.0.1.0/24",
            "customer_owned_ipv4_pool": "",
            "enable_dns64": false,
            "enable_lni_at_device_index": 0,
            "enable_resource_name_dns_a_record_on_launch": false,
            "enable_resource_name_dns_aaaa_record_on_launch": false,
            "id": "subnet-0fe65994ef7cb7208",
            "ipv6_cidr_block": "",
            "ipv6_cidr_block_association_id": "",
            "ipv6_native": false,
            "map_customer_owned_ip_on_launch": false,
            "map_public_ip_on_launch": false,
            "outpost_arn": "",
            "owner_id": "332545703606",
            "private_dns_hostname_type_on_launch": "ip-name",
            "tags": {
              "Name": "private_subnet_1",
              "Terraform": "true"
            },
            "tags_all": {
              "Name": "private_subnet_1",
              "Terraform": "true"
            },
            "timeouts": null,
            "vpc_id": "vpc-0920e64faca3f317d"
          },
          "sensitive_attributes": [],
          "private": "eyJlMmJmYjczMC1lY2FhLTExZTYtOGY4OC0zNDM2M2JjN2M0YzAiOnsiY3JlYXRlIjo2MDAwMDAwMDAwMDAsImRlbGV0ZSI6MTIwMDAwMDAwMDAwMH0sInNjaGVtYV92ZXJzaW9uIjoiMSJ9",
          "dependencies": [
            "aws_vpc.vpc",
            "data.aws_availability_zones.available"
          ]
        },
        {
          "index_key": "private_subnet_2",
          "schema_version": 1,
          "attributes": {
            "arn": "arn:aws:ec2:us-east-1:332545703606:subnet/subnet-035d8a0fed48058a8",
            "assign_ipv6_address_on_creation": false,
            "availability_zone": "us-east-1c",
            "availability_zone_id": "use1-az1",
            "cidr_block": "10.0.2.0/24",
            "customer_owned_ipv4_pool": "",
            "enable_dns64": false,
            "enable_lni_at_device_index": 0,
            "enable_resource_name_dns_a_record_on_launch": false,
            "enable_resource_name_dns_aaaa_record_on_launch": false,
            "id": "subnet-035d8a0fed48058a8",
            "ipv6_cidr_block": "",
            "ipv6_cidr_block_association_id": "",
            "ipv6_native": false,
            "map_customer_owned_ip_on_launch": false,
            "map_public_ip_on_launch": false,
            "outpost_arn": "",
            "owner_id": "332545703606",
            "private_dns_hostname_type_on_launch": "ip-name",
            "tags": {
              "Name": "private_subnet_2",
              "Terraform": "true"
            },
            "tags_all": {
              "Name": "private_subnet_2",
              "Terraform": "true"
            },
            "timeouts": null,
            "vpc_id": "vpc-0920e64faca3f317d"
          },
          "sensitive_attributes": [],
          "private": "eyJlMmJmYjczMC1lY2FhLTExZTYtOGY4OC0zNDM2M2JjN2M0YzAiOnsiY3JlYXRlIjo2MDAwMDAwMDAwMDAsImRlbGV0ZSI6MTIwMDAwMDAwMDAwMH0sInNjaGVtYV92ZXJzaW9uIjoiMSJ9",
          "dependencies": [
            "aws_vpc.vpc",
            "data.aws_availability_zones.available"
          ]
        },
        {
          "index_key": "private_subnet_3",
          "schema_version": 1,
          "attributes": {
            "arn": "arn:aws:ec2:us-east-1:332545703606:subnet/subnet-095238058ef2d4527",
            "assign_ipv6_address_on_creation": false,
            "availability_zone": "us-east-1d",
            "availability_zone_id": "use1-az2",
            "cidr_block": "10.0.3.0/24",
            "customer_owned_ipv4_pool": "",
            "enable_dns64": false,
            "enable_lni_at_device_index": 0,
            "enable_resource_name_dns_a_record_on_launch": false,
            "enable_resource_name_dns_aaaa_record_on_launch": false,
            "id": "subnet-095238058ef2d4527",
            "ipv6_cidr_block": "",
            "ipv6_cidr_block_association_id": "",
            "ipv6_native": false,
            "map_customer_owned_ip_on_launch": false,
            "map_public_ip_on_launch": false,
            "outpost_arn": "",
            "owner_id": "332545703606",
            "private_dns_hostname_type_on_launch": "ip-name",
            "tags": {
              "Name": "private_subnet_3",
              "Terraform": "true"
            },
            "tags_all": {
              "Name": "private_subnet_3",
              "Terraform": "true"
            },
            "timeouts": null,
            "vpc_id": "vpc-0920e64faca3f317d"
          },
          "sensitive_attributes": [],
          "private": "eyJlMmJmYjczMC1lY2FhLTExZTYtOGY4OC0zNDM2M2JjN2M0YzAiOnsiY3JlYXRlIjo2MDAwMDAwMDAwMDAsImRlbGV0ZSI6MTIwMDAwMDAwMDAwMH0sInNjaGVtYV92ZXJzaW9uIjoiMSJ9",
          "dependencies": [
            "aws_vpc.vpc",
            "data.aws_availability_zones.available"
          ]
        }
      ]
    },
    {
      "mode": "managed",
      "type": "aws_subnet",
      "name": "public_subnets",
      "provider": "provider[\"registry.terraform.io/hashicorp/aws\"]",
      "instances": [
        {
          "index_key": "public_subnet_1",
          "schema_version": 1,
          "attributes": {
            "arn": "arn:aws:ec2:us-east-1:332545703606:subnet/subnet-07d89d3562802c762",
            "assign_ipv6_address_on_creation": false,
            "availability_zone": "us-east-1b",
            "availability_zone_id": "use1-az6",
            "cidr_block": "10.0.101.0/24",
            "customer_owned_ipv4_pool": "",
            "enable_dns64": false,
            "enable_lni_at_device_index": 0,
            "enable_resource_name_dns_a_record_on_launch": false,
            "enable_resource_name_dns_aaaa_record_on_launch": false,
            "id": "subnet-07d89d3562802c762",
            "ipv6_cidr_block": "",
            "ipv6_cidr_block_association_id": "",
            "ipv6_native": false,
            "map_customer_owned_ip_on_launch": false,
            "map_public_ip_on_launch": true,
            "outpost_arn": "",
            "owner_id": "332545703606",
            "private_dns_hostname_type_on_launch": "ip-name",
            "tags": {
              "Name": "public_subnet_1",
              "Terraform": "true"
            },
            "tags_all": {
              "Name": "public_subnet_1",
              "Terraform": "true"
            },
            "timeouts": null,
            "vpc_id": "vpc-0920e64faca3f317d"
          },
          "sensitive_attributes": [],
          "private": "eyJlMmJmYjczMC1lY2FhLTExZTYtOGY4OC0zNDM2M2JjN2M0YzAiOnsiY3JlYXRlIjo2MDAwMDAwMDAwMDAsImRlbGV0ZSI6MTIwMDAwMDAwMDAwMH0sInNjaGVtYV92ZXJzaW9uIjoiMSJ9",
          "dependencies": [
            "aws_vpc.vpc",
            "data.aws_availability_zones.available"
          ]
        },
        {
          "index_key": "public_subnet_2",
          "schema_version": 1,
          "attributes": {
            "arn": "arn:aws:ec2:us-east-1:332545703606:subnet/subnet-0e61359b1ba407cf1",
            "assign_ipv6_address_on_creation": false,
            "availability_zone": "us-east-1c",
            "availability_zone_id": "use1-az1",
            "cidr_block": "10.0.102.0/24",
            "customer_owned_ipv4_pool": "",
            "enable_dns64": false,
            "enable_lni_at_device_index": 0,
            "enable_resource_name_dns_a_record_on_launch": false,
            "enable_resource_name_dns_aaaa_record_on_launch": false,
            "id": "subnet-0e61359b1ba407cf1",
            "ipv6_cidr_block": "",
            "ipv6_cidr_block_association_id": "",
            "ipv6_native": false,
            "map_customer_owned_ip_on_launch": false,
            "map_public_ip_on_launch": true,
            "outpost_arn": "",
            "owner_id": "332545703606",
            "private_dns_hostname_type_on_launch": "ip-name",
            "tags": {
              "Name": "public_subnet_2",
              "Terraform": "true"
            },
            "tags_all": {
              "Name": "public_subnet_2",
              "Terraform": "true"
            },
            "timeouts": null,
            "vpc_id": "vpc-0920e64faca3f317d"
          },
          "sensitive_attributes": [],
          "private": "eyJlMmJmYjczMC1lY2FhLTExZTYtOGY4OC0zNDM2M2JjN2M0YzAiOnsiY3JlYXRlIjo2MDAwMDAwMDAwMDAsImRlbGV0ZSI6MTIwMDAwMDAwMDAwMH0sInNjaGVtYV92ZXJzaW9uIjoiMSJ9",
          "dependencies": [
            "aws_vpc.vpc",
            "data.aws_availability_zones.available"
          ]
        },
        {
          "index_key": "public_subnet_3",
          "schema_version": 1,
          "attributes": {
            "arn": "arn:aws:ec2:us-east-1:332545703606:subnet/subnet-01adb9c7e239bcbd6",
            "assign_ipv6_address_on_creation": false,
            "availability_zone": "us-east-1d",
            "availability_zone_id": "use1-az2",
            "cidr_block": "10.0.103.0/24",
            "customer_owned_ipv4_pool": "",
            "enable_dns64": false,
            "enable_lni_at_device_index": 0,
            "enable_resource_name_dns_a_record_on_launch": false,
            "enable_resource_name_dns_aaaa_record_on_launch": false,
            "id": "subnet-01adb9c7e239bcbd6",
            "ipv6_cidr_block": "",
            "ipv6_cidr_block_association_id": "",
            "ipv6_native": false,
            "map_customer_owned_ip_on_launch": false,
            "map_public_ip_on_launch": true,
            "outpost_arn": "",
            "owner_id": "332545703606",
            "private_dns_hostname_type_on_launch": "ip-name",
            "tags": {
              "Name": "public_subnet_3",
              "Terraform": "true"
            },
            "tags_all": {
              "Name": "public_subnet_3",
              "Terraform": "true"
            },
            "timeouts": null,
            "vpc_id": "vpc-0920e64faca3f317d"
          },
          "sensitive_attributes": [],
          "private": "eyJlMmJmYjczMC1lY2FhLTExZTYtOGY4OC0zNDM2M2JjN2M0YzAiOnsiY3JlYXRlIjo2MDAwMDAwMDAwMDAsImRlbGV0ZSI6MTIwMDAwMDAwMDAwMH0sInNjaGVtYV92ZXJzaW9uIjoiMSJ9",
          "dependencies": [
            "aws_vpc.vpc",
            "data.aws_availability_zones.available"
          ]
        }
      ]
    },
    {
      "mode": "managed",
      "type": "aws_subnet",
      "name": "variables-subnet",
      "provider": "provider[\"registry.terraform.io/hashicorp/aws\"]",
      "instances": [
        {
          "schema_version": 1,
          "attributes": {
            "arn": "arn:aws:ec2:us-east-1:332545703606:subnet/subnet-0cab37899e1e0a811",
            "assign_ipv6_address_on_creation": false,
            "availability_zone": "us-east-1a",
            "availability_zone_id": "use1-az4",
            "cidr_block": "10.0.202.0/24",
            "customer_owned_ipv4_pool": "",
            "enable_dns64": false,
            "enable_lni_at_device_index": 0,
            "enable_resource_name_dns_a_record_on_launch": false,
            "enable_resource_name_dns_aaaa_record_on_launch": false,
            "id": "subnet-0cab37899e1e0a811",
            "ipv6_cidr_block": "",
            "ipv6_cidr_block_association_id": "",
            "ipv6_native": false,
            "map_customer_owned_ip_on_launch": false,
            "map_public_ip_on_launch": true,
            "outpost_arn": "",
            "owner_id": "332545703606",
            "private_dns_hostname_type_on_launch": "ip-name",
            "tags": {
              "Name": "sub-variables-us-east-1a",
              "Terraform": "true"
            },
            "tags_all": {
              "Name": "sub-variables-us-east-1a",
              "Terraform": "true"
            },
            "timeouts": null,
            "vpc_id": "vpc-0920e64faca3f317d"
          },
          "sensitive_attributes": [],
          "private": "eyJlMmJmYjczMC1lY2FhLTExZTYtOGY4OC0zNDM2M2JjN2M0YzAiOnsiY3JlYXRlIjo2MDAwMDAwMDAwMDAsImRlbGV0ZSI6MTIwMDAwMDAwMDAwMH0sInNjaGVtYV92ZXJzaW9uIjoiMSJ9",
          "dependencies": [
            "aws_vpc.vpc"
          ]
        }
      ]
    },
    {
      "mode": "managed",
      "type": "aws_vpc",
      "name": "vpc",
      "provider": "provider[\"registry.terraform.io/hashicorp/aws\"]",
      "instances": [
        {
          "schema_version": 1,
          "attributes": {
            "arn": "arn:aws:ec2:us-east-1:332545703606:vpc/vpc-0920e64faca3f317d",
            "assign_generated_ipv6_cidr_block": false,
            "cidr_block": "10.0.0.0/16",
            "default_network_acl_id": "acl-0af6c29c3c4c78921",
            "default_route_table_id": "rtb-036501dcef83d0c41",
            "default_security_group_id": "sg-0e361cc77a1e111d0",
            "dhcp_options_id": "dopt-06e1aad260310b09a",
            "enable_dns_hostnames": false,
            "enable_dns_support": true,
            "enable_network_address_usage_metrics": false,
            "id": "vpc-0920e64faca3f317d",
            "instance_tenancy": "default",
            "ipv4_ipam_pool_id": null,
            "ipv4_netmask_length": null,
            "ipv6_association_id": "",
            "ipv6_cidr_block": "",
            "ipv6_cidr_block_network_border_group": "",
            "ipv6_ipam_pool_id": "",
            "ipv6_netmask_length": 0,
            "main_route_table_id": "rtb-036501dcef83d0c41",
            "owner_id": "332545703606",
            "tags": {
              "Environment": "demo_environment",
              "Name": "demo_vpc",
              "Terraform": "true"
            },
            "tags_all": {
              "Environment": "demo_environment",
              "Name": "demo_vpc",
              "Terraform": "true"
            }
          },
          "sensitive_attributes": [],
          "private": "eyJzY2hlbWFfdmVyc2lvbiI6IjEifQ=="
        }
      ]
    },
    {
      "mode": "managed",
      "type": "local_file",
      "name": "private_key_pem",
      "provider": "provider[\"registry.terraform.io/hashicorp/local\"]",
      "instances": [
        {
          "schema_version": 0,
          "attributes": {
            "content": "-----BEGIN RSA PRIVATE KEY-----\nMIIEpAIBAAKCAQEAn73GZPvaZO66NbgYfsIToWWTRdvcxlwMS4yym0uy9vCUj2sn\nAZ620G5XG/42Rgp4INwzMQx279y2cSF6EZ8TsVz5sCKtWIvF23XrgcxS1dPJqN7b\nb+zziqPtaXFNtusciiVntaOq2qLHtDIhvTqxzstX/2iQ18SMNgW3X/zaDfK7GQqK\nu7UICwBS+BOaFHw6uaaBBrj0Z91GfytzFnnjB/lcI5CZktrx8Fp6lIjp0yVsT5XV\nG78E69N+05cNjzO0y4RN+R0uKD1R1idK5wRQa6CH2IsQgzN9M4vHdQOwv1mmouyH\nE4vRuJE1t7a0t6h7ov3aKdKTNrsAGiW77BYd+QIDAQABAoIBAFCgAmC51XMYIxg2\nAPcJkcrmb7zUycu8beA79XH4dS26I+F3XcqthuwQpRrV5iLX6eX7/kKFXgqWxea3\n1NrMBa6BlOzXs9J7SbQJAoMS08RlDuWTBgKqAAo7zvpnW6g1ZsQ7OOsu3m9XtaA3\npVvTIieT7qhU6LZe1730iKeEAbMDwkEd2GOR6qN3/IE4vxCmOuJgkkW8HHbSAh0M\nJNdU3m3ODYXD0ySdOMw7q9RncGXOY+bPls6GdWkDHdQDO+gNiuTAdj48IQZFPEzK\nWKiutqS5JN8I9STU27zzjoQH8/NZ35vmZaiNB/Ibpwtg09xlaRsPTQw/88IYO7KG\nFh06iwECgYEAz9YhuNUtIqsEKgeGJc8jymZX6L+cJ0eFNQ3pESQNda5IsaTR5zWJ\nNZrp0ars/RKdGDhtEHfKagebWFm56GwGR26JF+ZHyTAeD2NWTGnauqBjTgwdlafc\ncwD2yeyEXy+456MiCXqbWyx3yV8wPdWDdwB4OZ3aLj/kZwTQP/QILNECgYEAxMJn\n10K4BGoKjiERdAMuF9B0lvWxOUSTX/EIao6euAd6zkhviEZgkZYPOMUN6xIdLDFi\nRiIcik10O0k03Nunvzog6MigXt4ZwqBVdsPPvL4Jn5WOtgR7ZQMFlehKYc2uzwVw\ny7XdCJwTiE6+aOmIlIElpMqWvXRucb8WyocqCKkCgYBpDH1s8+rlW/U13Smz0Jfx\nhHsofDjMLb0pjMdhz4wyEA5UI8+ogonAm3VVcYRpgc//Xv3ZVgLsRr4BEREDZh5i\nWn9WoiFkkjqPYpFK/DH/JHQtDbiiXP7y7ejPNQnPJsrZ4b2hduQxWC+Pi9pRVqsl\nKgqabKvLtqWWYHt1571+EQKBgQCt2iSMlDwqUlQfP2K/givRCPRrio3cTxZ0+HF6\nTag6bQl6iZBa9exP1yp9+8ePhELYkI4H8A4NueBQnh+iYkd29PKtHNBu4ooaaTb6\nqIu+dp/kLO6bL5ykJSZjTYujnWyvKVx/8qJqABZWI1WlN2vh47cSQ5srrVwFD1Yg\n/4sJeQKBgQC0nQUZdS1+eoB96xGd9+LCTqAiGuh2gUfEnWD2rVj13GeB2ed5VEWA\nY3tn1gE8kZi4mr0CQ5XFmIxdV0B0bsGvfXhDJbfOPT/+sCAms3EzP4PHKK9SKtUG\nmSgBQVPqV/7k7MzZx2kuDjaSf0XsdoR748UJ1fY7blAkBxklQ835uA==\n-----END RSA PRIVATE KEY-----\n",
            "content_base64": null,
            "content_base64sha256": "1Q5TXz3lA1p0MvWt0TLYhQnbZmKvdRVWAbQixjQbLrc=",
            "content_base64sha512": "kNsstYCx1LOVV8BYbmve3SNqSSxvNJMDHTTnm7AF9p6qJ92sIWTgevi/GgP0Kg/gyfkWguh8Ys0TQwwzLWDTyw==",
            "content_md5": "b812a7cf2b3923db6b1debb5e7ef5063",
            "content_sha1": "7cb02090f8129f7805f3f2ea5756753ecd3eb9d6",
            "content_sha256": "d50e535f3de5035a7432f5add132d88509db6662af75155601b422c6341b2eb7",
            "content_sha512": "90db2cb580b1d4b39557c0586e6bdedd236a492c6f3493031d34e79bb005f69eaa27ddac2164e07af8bf1a03f42a0fe0c9f91682e87c62cd13430c332d60d3cb",
            "directory_permission": "0777",
            "file_permission": "0777",
            "filename": "MyAWSKey.pem",
            "id": "7cb02090f8129f7805f3f2ea5756753ecd3eb9d6",
            "sensitive_content": null,
            "source": null
          },
          "sensitive_attributes": [
            [
              {
                "type": "get_attr",
                "value": "content"
              }
            ]
          ],
          "dependencies": [
            "tls_private_key.generated"
          ]
        }
      ]
    },
    {
      "mode": "managed",
      "type": "tls_private_key",
      "name": "generated",
      "provider": "provider[\"registry.terraform.io/hashicorp/tls\"]",
      "instances": [
        {
          "schema_version": 1,
          "attributes": {
            "algorithm": "RSA",
            "ecdsa_curve": "P224",
            "id": "a6e4f461ca174430df9032b29e8a658fd87932e5",
            "private_key_openssh": "-----BEGIN OPENSSH PRIVATE KEY-----\nb3BlbnNzaC1rZXktdjEAAAAABG5vbmUAAAAEbm9uZQAAAAAAAAABAAABFwAAAAdz\nc2gtcnNhAAAAAwEAAQAAAQEAn73GZPvaZO66NbgYfsIToWWTRdvcxlwMS4yym0uy\n9vCUj2snAZ620G5XG/42Rgp4INwzMQx279y2cSF6EZ8TsVz5sCKtWIvF23XrgcxS\n1dPJqN7bb+zziqPtaXFNtusciiVntaOq2qLHtDIhvTqxzstX/2iQ18SMNgW3X/za\nDfK7GQqKu7UICwBS+BOaFHw6uaaBBrj0Z91GfytzFnnjB/lcI5CZktrx8Fp6lIjp\n0yVsT5XVG78E69N+05cNjzO0y4RN+R0uKD1R1idK5wRQa6CH2IsQgzN9M4vHdQOw\nv1mmouyHE4vRuJE1t7a0t6h7ov3aKdKTNrsAGiW77BYd+QAAA7g64QKzOuECswAA\nAAdzc2gtcnNhAAABAQCfvcZk+9pk7ro1uBh+whOhZZNF29zGXAxLjLKbS7L28JSP\naycBnrbQblcb/jZGCngg3DMxDHbv3LZxIXoRnxOxXPmwIq1Yi8XbdeuBzFLV08mo\n3ttv7POKo+1pcU226xyKJWe1o6raose0MiG9OrHOy1f/aJDXxIw2Bbdf/NoN8rsZ\nCoq7tQgLAFL4E5oUfDq5poEGuPRn3UZ/K3MWeeMH+VwjkJmS2vHwWnqUiOnTJWxP\nldUbvwTr037Tlw2PM7TLhE35HS4oPVHWJ0rnBFBroIfYixCDM30zi8d1A7C/Waai\n7IcTi9G4kTW3trS3qHui/dop0pM2uwAaJbvsFh35AAAAAwEAAQAAAQBQoAJgudVz\nGCMYNgD3CZHK5m+81MnLvG3gO/Vx+HUtuiPhd13KrYbsEKUa1eYi1+nl+/5ChV4K\nlsXmt9TazAWugZTs17PSe0m0CQKDEtPEZQ7lkwYCqgAKO876Z1uoNWbEOzjrLt5v\nV7WgN6Vb0yInk+6oVOi2Xte99IinhAGzA8JBHdhjkeqjd/yBOL8QpjriYJJFvBx2\n0gIdDCTXVN5tzg2Fw9MknTjMO6vUZ3BlzmPmz5bOhnVpAx3UAzvoDYrkwHY+PCEG\nRTxMyliorrakuSTfCPUk1Nu8846EB/PzWd+b5mWojQfyG6cLYNPcZWkbD00MP/PC\nGDuyhhYdOosBAAAAgQC0nQUZdS1+eoB96xGd9+LCTqAiGuh2gUfEnWD2rVj13GeB\n2ed5VEWAY3tn1gE8kZi4mr0CQ5XFmIxdV0B0bsGvfXhDJbfOPT/+sCAms3EzP4PH\nKK9SKtUGmSgBQVPqV/7k7MzZx2kuDjaSf0XsdoR748UJ1fY7blAkBxklQ835uAAA\nAIEAz9YhuNUtIqsEKgeGJc8jymZX6L+cJ0eFNQ3pESQNda5IsaTR5zWJNZrp0ars\n/RKdGDhtEHfKagebWFm56GwGR26JF+ZHyTAeD2NWTGnauqBjTgwdlafccwD2yeyE\nXy+456MiCXqbWyx3yV8wPdWDdwB4OZ3aLj/kZwTQP/QILNEAAACBAMTCZ9dCuARq\nCo4hEXQDLhfQdJb1sTlEk1/xCGqOnrgHes5Ib4hGYJGWDzjFDesSHSwxYkYiHIpN\ndDtJNNzbp786IOjIoF7eGcKgVXbDz7y+CZ+VjrYEe2UDBZXoSmHNrs8FcMu13Qic\nE4hOvmjpiJSBJaTKlr10bnG/FsqHKgipAAAAAAEC\n-----END OPENSSH PRIVATE KEY-----\n",
            "private_key_pem": "-----BEGIN RSA PRIVATE KEY-----\nMIIEpAIBAAKCAQEAn73GZPvaZO66NbgYfsIToWWTRdvcxlwMS4yym0uy9vCUj2sn\nAZ620G5XG/42Rgp4INwzMQx279y2cSF6EZ8TsVz5sCKtWIvF23XrgcxS1dPJqN7b\nb+zziqPtaXFNtusciiVntaOq2qLHtDIhvTqxzstX/2iQ18SMNgW3X/zaDfK7GQqK\nu7UICwBS+BOaFHw6uaaBBrj0Z91GfytzFnnjB/lcI5CZktrx8Fp6lIjp0yVsT5XV\nG78E69N+05cNjzO0y4RN+R0uKD1R1idK5wRQa6CH2IsQgzN9M4vHdQOwv1mmouyH\nE4vRuJE1t7a0t6h7ov3aKdKTNrsAGiW77BYd+QIDAQABAoIBAFCgAmC51XMYIxg2\nAPcJkcrmb7zUycu8beA79XH4dS26I+F3XcqthuwQpRrV5iLX6eX7/kKFXgqWxea3\n1NrMBa6BlOzXs9J7SbQJAoMS08RlDuWTBgKqAAo7zvpnW6g1ZsQ7OOsu3m9XtaA3\npVvTIieT7qhU6LZe1730iKeEAbMDwkEd2GOR6qN3/IE4vxCmOuJgkkW8HHbSAh0M\nJNdU3m3ODYXD0ySdOMw7q9RncGXOY+bPls6GdWkDHdQDO+gNiuTAdj48IQZFPEzK\nWKiutqS5JN8I9STU27zzjoQH8/NZ35vmZaiNB/Ibpwtg09xlaRsPTQw/88IYO7KG\nFh06iwECgYEAz9YhuNUtIqsEKgeGJc8jymZX6L+cJ0eFNQ3pESQNda5IsaTR5zWJ\nNZrp0ars/RKdGDhtEHfKagebWFm56GwGR26JF+ZHyTAeD2NWTGnauqBjTgwdlafc\ncwD2yeyEXy+456MiCXqbWyx3yV8wPdWDdwB4OZ3aLj/kZwTQP/QILNECgYEAxMJn\n10K4BGoKjiERdAMuF9B0lvWxOUSTX/EIao6euAd6zkhviEZgkZYPOMUN6xIdLDFi\nRiIcik10O0k03Nunvzog6MigXt4ZwqBVdsPPvL4Jn5WOtgR7ZQMFlehKYc2uzwVw\ny7XdCJwTiE6+aOmIlIElpMqWvXRucb8WyocqCKkCgYBpDH1s8+rlW/U13Smz0Jfx\nhHsofDjMLb0pjMdhz4wyEA5UI8+ogonAm3VVcYRpgc//Xv3ZVgLsRr4BEREDZh5i\nWn9WoiFkkjqPYpFK/DH/JHQtDbiiXP7y7ejPNQnPJsrZ4b2hduQxWC+Pi9pRVqsl\nKgqabKvLtqWWYHt1571+EQKBgQCt2iSMlDwqUlQfP2K/givRCPRrio3cTxZ0+HF6\nTag6bQl6iZBa9exP1yp9+8ePhELYkI4H8A4NueBQnh+iYkd29PKtHNBu4ooaaTb6\nqIu+dp/kLO6bL5ykJSZjTYujnWyvKVx/8qJqABZWI1WlN2vh47cSQ5srrVwFD1Yg\n/4sJeQKBgQC0nQUZdS1+eoB96xGd9+LCTqAiGuh2gUfEnWD2rVj13GeB2ed5VEWA\nY3tn1gE8kZi4mr0CQ5XFmIxdV0B0bsGvfXhDJbfOPT/+sCAms3EzP4PHKK9SKtUG\nmSgBQVPqV/7k7MzZx2kuDjaSf0XsdoR748UJ1fY7blAkBxklQ835uA==\n-----END RSA PRIVATE KEY-----\n",
            "private_key_pem_pkcs8": "-----BEGIN PRIVATE KEY-----\nMIIEvgIBADANBgkqhkiG9w0BAQEFAASCBKgwggSkAgEAAoIBAQCfvcZk+9pk7ro1\nuBh+whOhZZNF29zGXAxLjLKbS7L28JSPaycBnrbQblcb/jZGCngg3DMxDHbv3LZx\nIXoRnxOxXPmwIq1Yi8XbdeuBzFLV08mo3ttv7POKo+1pcU226xyKJWe1o6raose0\nMiG9OrHOy1f/aJDXxIw2Bbdf/NoN8rsZCoq7tQgLAFL4E5oUfDq5poEGuPRn3UZ/\nK3MWeeMH+VwjkJmS2vHwWnqUiOnTJWxPldUbvwTr037Tlw2PM7TLhE35HS4oPVHW\nJ0rnBFBroIfYixCDM30zi8d1A7C/Waai7IcTi9G4kTW3trS3qHui/dop0pM2uwAa\nJbvsFh35AgMBAAECggEAUKACYLnVcxgjGDYA9wmRyuZvvNTJy7xt4Dv1cfh1Lboj\n4Xddyq2G7BClGtXmItfp5fv+QoVeCpbF5rfU2swFroGU7Nez0ntJtAkCgxLTxGUO\n5ZMGAqoACjvO+mdbqDVmxDs46y7eb1e1oDelW9MiJ5PuqFTotl7XvfSIp4QBswPC\nQR3YY5Hqo3f8gTi/EKY64mCSRbwcdtICHQwk11Tebc4NhcPTJJ04zDur1GdwZc5j\n5s+WzoZ1aQMd1AM76A2K5MB2PjwhBkU8TMpYqK62pLkk3wj1JNTbvPOOhAfz81nf\nm+ZlqI0H8hunC2DT3GVpGw9NDD/zwhg7soYWHTqLAQKBgQDP1iG41S0iqwQqB4Yl\nzyPKZlfov5wnR4U1DekRJA11rkixpNHnNYk1munRquz9Ep0YOG0Qd8pqB5tYWbno\nbAZHbokX5kfJMB4PY1ZMadq6oGNODB2Vp9xzAPbJ7IRfL7jnoyIJeptbLHfJXzA9\n1YN3AHg5ndouP+RnBNA/9Ags0QKBgQDEwmfXQrgEagqOIRF0Ay4X0HSW9bE5RJNf\n8Qhqjp64B3rOSG+IRmCRlg84xQ3rEh0sMWJGIhyKTXQ7STTc26e/OiDoyKBe3hnC\noFV2w8+8vgmflY62BHtlAwWV6Ephza7PBXDLtd0InBOITr5o6YiUgSWkypa9dG5x\nvxbKhyoIqQKBgGkMfWzz6uVb9TXdKbPQl/GEeyh8OMwtvSmMx2HPjDIQDlQjz6iC\nicCbdVVxhGmBz/9e/dlWAuxGvgEREQNmHmJaf1aiIWSSOo9ikUr8Mf8kdC0NuKJc\n/vLt6M81Cc8mytnhvaF25DFYL4+L2lFWqyUqCppsq8u2pZZge3XnvX4RAoGBAK3a\nJIyUPCpSVB8/Yr+CK9EI9GuKjdxPFnT4cXpNqDptCXqJkFr17E/XKn37x4+EQtiQ\njgfwDg254FCeH6JiR3b08q0c0G7iihppNvqoi752n+Qs7psvnKQlJmNNi6OdbK8p\nXH/yomoAFlYjVaU3a+HjtxJDmyutXAUPViD/iwl5AoGBALSdBRl1LX56gH3rEZ33\n4sJOoCIa6HaBR8SdYPatWPXcZ4HZ53lURYBje2fWATyRmLiavQJDlcWYjF1XQHRu\nwa99eEMlt849P/6wICazcTM/g8cor1Iq1QaZKAFBU+pX/uTszNnHaS4ONpJ/Rex2\nhHvjxQnV9jtuUCQHGSVDzfm4\n-----END PRIVATE KEY-----\n",
            "public_key_fingerprint_md5": "41:2c:80:2a:22:64:91:85:ab:52:50:fe:15:01:d3:f0",
            "public_key_fingerprint_sha256": "SHA256:ZRvOoit+IIn0kIkyiq2AZTwHELI5XFQ6/44P02/haG0",
            "public_key_openssh": "ssh-rsa AAAAB3NzaC1yc2EAAAADAQABAAABAQCfvcZk+9pk7ro1uBh+whOhZZNF29zGXAxLjLKbS7L28JSPaycBnrbQblcb/jZGCngg3DMxDHbv3LZxIXoRnxOxXPmwIq1Yi8XbdeuBzFLV08mo3ttv7POKo+1pcU226xyKJWe1o6raose0MiG9OrHOy1f/aJDXxIw2Bbdf/NoN8rsZCoq7tQgLAFL4E5oUfDq5poEGuPRn3UZ/K3MWeeMH+VwjkJmS2vHwWnqUiOnTJWxPldUbvwTr037Tlw2PM7TLhE35HS4oPVHWJ0rnBFBroIfYixCDM30zi8d1A7C/Waai7IcTi9G4kTW3trS3qHui/dop0pM2uwAaJbvsFh35\n",
            "public_key_pem": "-----BEGIN PUBLIC KEY-----\nMIIBIjANBgkqhkiG9w0BAQEFAAOCAQ8AMIIBCgKCAQEAn73GZPvaZO66NbgYfsIT\noWWTRdvcxlwMS4yym0uy9vCUj2snAZ620G5XG/42Rgp4INwzMQx279y2cSF6EZ8T\nsVz5sCKtWIvF23XrgcxS1dPJqN7bb+zziqPtaXFNtusciiVntaOq2qLHtDIhvTqx\nzstX/2iQ18SMNgW3X/zaDfK7GQqKu7UICwBS+BOaFHw6uaaBBrj0Z91GfytzFnnj\nB/lcI5CZktrx8Fp6lIjp0yVsT5XVG78E69N+05cNjzO0y4RN+R0uKD1R1idK5wRQ\na6CH2IsQgzN9M4vHdQOwv1mmouyHE4vRuJE1t7a0t6h7ov3aKdKTNrsAGiW77BYd\n+QIDAQAB\n-----END PUBLIC KEY-----\n",
            "rsa_bits": 2048
          },
          "sensitive_attributes": []
        }
      ]
    }
  ],
  "check_results": null
}
